
Microsoft Visual Studio Solution File, Format Version 12.00
# Visual Studio 16
Project("{FAE04EC0-301F-11D3-BF4B-00C04F79EFBC}") = "Assembly-CSharp", "Assembly-CSharp.csproj", "{FA18428A-A485-EA6D-7FA9-409DBE8105A2}"
EndProject
Project("{FAE04EC0-301F-11D3-BF4B-00C04F79EFBC}") = "Assembly-CSharp-Editor", "Assembly-CSharp-Editor.csproj", "{AEC6219B-CE09-B597-BE94-64E7897FC159}"
EndProject
Global
	GlobalSection(SolutionConfigurationPlatforms) = preSolution
		Debug|Any CPU = Debug|Any CPU
		Release|Any CPU = Release|Any CPU
	EndGlobalSection
	GlobalSection(ProjectConfigurationPlatforms) = postSolution
		{FA18428A-A485-EA6D-7FA9-409DBE8105A2}.Debug|Any CPU.ActiveCfg = Debug|Any CPU
		{FA18428A-A485-EA6D-7FA9-409DBE8105A2}.Debug|Any CPU.Build.0 = Debug|Any CPU
		{FA18428A-A485-EA6D-7FA9-409DBE8105A2}.Release|Any CPU.ActiveCfg = Release|Any CPU
		{FA18428A-A485-EA6D-7FA9-409DBE8105A2}.Release|Any CPU.Build.0 = Release|Any CPU
		{AEC6219B-CE09-B597-BE94-64E7897FC159}.Debug|Any CPU.ActiveCfg = Debug|Any CPU
		{AEC6219B-CE09-B597-BE94-64E7897FC159}.Debug|Any CPU.Build.0 = Debug|Any CPU
		{AEC6219B-CE09-B597-BE94-64E7897FC159}.Release|Any CPU.ActiveCfg = Release|Any CPU
		{AEC6219B-CE09-B597-BE94-64E7897FC159}.Release|Any CPU.Build.0 = Release|Any CPU
	EndGlobalSection
	GlobalSection(SolutionProperties) = preSolution
		HideSolutionNode = FALSE
	EndGlobalSection
EndGlobal
